lockfileVersion: '9.0'

settings:
  autoInstallPeers: true
  excludeLinksFromLockfile: false

importers:

  .:
    dependencies:
      '@geckoai/class-mirror':
        specifier: 1.0.2
        version: 1.0.2
      inversify:
        specifier: 7.5.1
        version: 7.5.1(reflect-metadata@0.2.2)
    devDependencies:
      typescript:
        specifier: 5.8.3
        version: 5.8.3

packages:

  '@geckoai/class-mirror@1.0.2':
    resolution: {integrity: sha512-0ShYTH9Ki7ZULP/qqlEcExsL8lyRxqAHJUi8s2F/ONtJYiEYT21ecONUYumCZFAp/TvlEultFrt+vN2KO47gcw==}

  '@inversifyjs/common@1.5.0':
    resolution: {integrity: sha512-Qj5BELk11AfI2rgZEAaLPmOftmQRLLmoCXgAjmaF0IngQN5vHomVT5ML7DZ3+CA5fgGcEVMcGbUDAun+Rz+oNg==}

  '@inversifyjs/container@1.9.1':
    resolution: {integrity: sha512-8EhjFoAx1LoD7TpCuP9ptitwc+7kVXEpZB0IeoEsCQb9sWaNYYaBi+7Lommu3/1nYxdMbX2t7AJhQnryT1EEsg==}
    peerDependencies:
      reflect-metadata: ~0.2.2

  '@inversifyjs/core@5.2.0':
    resolution: {integrity: sha512-MMaHGGRjQWT9uAof63sbZyEhRl4XptEAE17DJwrgUcN9LsdIEvecKP3r53pE9VF88PFR41knUKKzagUBvWLHmw==}

  '@inversifyjs/prototype-utils@0.1.0':
    resolution: {integrity: sha512-lNz1yyajMRDXBHLvJsYYX81FcmeD15e5Qz1zAZ/3zeYTl+u7ZF/GxNRKJzNOloeMPMtuR8BnvzHA1SZxjR+J9w==}

  '@inversifyjs/reflect-metadata-utils@1.1.0':
    resolution: {integrity: sha512-jmuAuC3eL1GnFAYfJGJOMKRDL9q1mgzOyrban6zxfM8Yg1FUHsj25h27bW2G7p8X1Amvhg3MLkaOuogszkrofA==}
    peerDependencies:
      reflect-metadata: 0.2.2

  inversify@7.5.1:
    resolution: {integrity: sha512-oWWFDU2BXiuqZynGcLDDD4tqiWAeaEUCALlCj0vk/QwHGgZY/tzDFPuTmWMY3jwRmDIHxVDkcj9SL3MFTlCEDw==}
    peerDependencies:
      reflect-metadata: ~0.2.2

  reflect-metadata@0.2.2:
    resolution: {integrity: sha512-urBwgfrvVP/eAyXx4hluJivBKzuEbSQs9rKWCrCkbSxNv8mxPcUZKeuoF3Uy4mJl3Lwprp6yy5/39VWigZ4K6Q==}

  typescript@5.8.3:
    resolution: {integrity: sha512-p1diW6TqL9L07nNxvRMM7hMMw4c5XOo/1ibL4aAIGmSAt9slTE1Xgw5KWuof2uTOvCg9BY7ZRi+GaF+7sfgPeQ==}
    engines: {node: '>=14.17'}
    hasBin: true

snapshots:

  '@geckoai/class-mirror@1.0.2': {}

  '@inversifyjs/common@1.5.0': {}

  '@inversifyjs/container@1.9.1(reflect-metadata@0.2.2)':
    dependencies:
      '@inversifyjs/common': 1.5.0
      '@inversifyjs/core': 5.2.0(reflect-metadata@0.2.2)
      '@inversifyjs/reflect-metadata-utils': 1.1.0(reflect-metadata@0.2.2)
      reflect-metadata: 0.2.2

  '@inversifyjs/core@5.2.0(reflect-metadata@0.2.2)':
    dependencies:
      '@inversifyjs/common': 1.5.0
      '@inversifyjs/prototype-utils': 0.1.0
      '@inversifyjs/reflect-metadata-utils': 1.1.0(reflect-metadata@0.2.2)
    transitivePeerDependencies:
      - reflect-metadata

  '@inversifyjs/prototype-utils@0.1.0':
    dependencies:
      '@inversifyjs/common': 1.5.0

  '@inversifyjs/reflect-metadata-utils@1.1.0(reflect-metadata@0.2.2)':
    dependencies:
      reflect-metadata: 0.2.2

  inversify@7.5.1(reflect-metadata@0.2.2):
    dependencies:
      '@inversifyjs/common': 1.5.0
      '@inversifyjs/container': 1.9.1(reflect-metadata@0.2.2)
      '@inversifyjs/core': 5.2.0(reflect-metadata@0.2.2)
      reflect-metadata: 0.2.2

  reflect-metadata@0.2.2: {}

  typescript@5.8.3: {}
